
Microsoft Visual Studio Solution File, Format Version 12.00
# Visual Studio Version 16
VisualStudioVersion = 16.0.30717.126
MinimumVisualStudioVersion = 10.0.40219.1
Project("{FAE04EC0-301F-11D3-BF4B-00C04F79EFBC}") = "EyesOfTheDragon", "EyesOfTheDragon\EyesOfTheDragon.csproj", "{D73BC576-087A-41B6-83C1-C4ED66206E4C}"
EndProject
Project("{FAE04EC0-301F-11D3-BF4B-00C04F79EFBC}") = "MGRpgLibrary", "MGRpgLibrary\MGRpgLibrary.csproj", "{E2DEDC21-472B-4DB5-B562-BD1DE37BF95B}"
EndProject
Project("{FAE04EC0-301F-11D3-BF4B-00C04F79EFBC}") = "RpgLibrary", "RpgLibrary\RpgLibrary.csproj", "{20993F18-0F14-4162-A273-1BF0DFE18011}"
EndProject
Global
	GlobalSection(SolutionConfigurationPlatforms) = preSolution
		Debug|Any CPU = Debug|Any CPU
		Release|Any CPU = Release|Any CPU
	EndGlobalSection
	GlobalSection(ProjectConfigurationPlatforms) = postSolution
		{D73BC576-087A-41B6-83C1-C4ED66206E4C}.Debug|Any CPU.ActiveCfg = Debug|Any CPU
		{D73BC576-087A-41B6-83C1-C4ED66206E4C}.Debug|Any CPU.Build.0 = Debug|Any CPU
		{D73BC576-087A-41B6-83C1-C4ED66206E4C}.Release|Any CPU.ActiveCfg = Release|Any CPU
		{D73BC576-087A-41B6-83C1-C4ED66206E4C}.Release|Any CPU.Build.0 = Release|Any CPU
		{E2DEDC21-472B-4DB5-B562-BD1DE37BF95B}.Debug|Any CPU.ActiveCfg = Debug|Any CPU
		{E2DEDC21-472B-4DB5-B562-BD1DE37BF95B}.Debug|Any CPU.Build.0 = Debug|Any CPU
		{E2DEDC21-472B-4DB5-B562-BD1DE37BF95B}.Release|Any CPU.ActiveCfg = Release|Any CPU
		{E2DEDC21-472B-4DB5-B562-BD1DE37BF95B}.Release|Any CPU.Build.0 = Release|Any CPU
		{20993F18-0F14-4162-A273-1BF0DFE18011}.Debug|Any CPU.ActiveCfg = Debug|Any CPU
		{20993F18-0F14-4162-A273-1BF0DFE18011}.Debug|Any CPU.Build.0 = Debug|Any CPU
		{20993F18-0F14-4162-A273-1BF0DFE18011}.Release|Any CPU.ActiveCfg = Release|Any CPU
		{20993F18-0F14-4162-A273-1BF0DFE18011}.Release|Any CPU.Build.0 = Release|Any CPU
	EndGlobalSection
	GlobalSection(SolutionProperties) = preSolution
		HideSolutionNode = FALSE
	EndGlobalSection
	GlobalSection(ExtensibilityGlobals) = postSolution
		SolutionGuid = {273A9F22-4624-4568-AB14-D5EC5B1EA88C}
	EndGlobalSection
EndGlobal
